// !$*UTF8*$!
{
	archiveVersion = 1;
	classes = {
	};
	objectVersion = 50;
	objects = {

/* Begin PBXBuildFile section */
		1C5DF20022FA1AEF0064C81E /* AppDelegate.swift in Sources */ = {isa = PBXBuildFile; fileRef = 1C5DF1FF22FA1AEF0064C81E /* AppDelegate.swift */; };
		1C5DF20522FA1AEF0064C81E /* Main.storyboard in Resources */ = {isa = PBXBuildFile; fileRef = 1C5DF20322FA1AEF0064C81E /* Main.storyboard */; };
		1C5DF20722FA1AF10064C81E /* Assets.xcassets in Resources */ = {isa = PBXBuildFile; fileRef = 1C5DF20622FA1AF10064C81E /* Assets.xcassets */; };
		1C5DF20A22FA1AF10064C81E /* LaunchScreen.storyboard in Resources */ = {isa = PBXBuildFile; fileRef = 1C5DF20822FA1AF10064C81E /* LaunchScreen.storyboard */; };
		1C5DF21622FA1BB30064C81E /* JSONParser.swift in Sources */ = {isa = PBXBuildFile; fileRef = 1C5DF21522FA1BB30064C81E /* JSONParser.swift */; };
		1C5DF21A22FA1C8C0064C81E /* ServerDataManager.swift in Sources */ = {isa = PBXBuildFile; fileRef = 1C5DF21922FA1C8C0064C81E /* ServerDataManager.swift */; };
		1C5DF21F22FA1E190064C81E /* log.swift in Sources */ = {isa = PBXBuildFile; fileRef = 1C5DF21E22FA1E190064C81E /* log.swift */; };
		1C5DF22122FA22910064C81E /* MainTableViewController.swift in Sources */ = {isa = PBXBuildFile; fileRef = 1C5DF22022FA22910064C81E /* MainTableViewController.swift */; };
		1C5DF22422FA22C10064C81E /* MyTableViewCell.swift in Sources */ = {isa = PBXBuildFile; fileRef = 1C5DF22222FA22C10064C81E /* MyTableViewCell.swift */; };
		1C5DF22522FA22C10064C81E /* MyTableViewCell.xib in Resources */ = {isa = PBXBuildFile; fileRef = 1C5DF22322FA22C10064C81E /* MyTableViewCell.xib */; };
/* End PBXBuildFile section */

/* Begin PBXFileReference section */
		1C5DF1FC22FA1AEF0064C81E /* Codename 303.app */ = {isa = PBXFileReference; explicitFileType = wrapper.application; includeInIndex = 0; path = "Codename 303.app"; sourceTree = BUILT_PRODUCTS_DIR; };
		1C5DF1FF22FA1AEF0064C81E /* AppDelegate.swift */ = {isa = PBXFileReference; lastKnownFileType = sourcecode.swift; path = AppDelegate.swift; sourceTree = "<group>"; };
		1C5DF20422FA1AEF0064C81E /* Base */ = {isa = PBXFileReference; lastKnownFileType = file.storyboard; name = Base; path = Base.lproj/Main.storyboard; sourceTree = "<group>"; };
		1C5DF20622FA1AF10064C81E /* Assets.xcassets */ = {isa = PBXFileReference; lastKnownFileType = folder.assetcatalog; path = Assets.xcassets; sourceTree = "<group>"; };
		1C5DF20922FA1AF10064C81E /* Base */ = {isa = PBXFileReference; lastKnownFileType = file.storyboard; name = Base; path = Base.lproj/LaunchScreen.storyboard; sourceTree = "<group>"; };
		1C5DF20B22FA1AF10064C81E /* Info.plist */ = {isa = PBXFileReference; lastKnownFileType = text.plist.xml; path = Info.plist; sourceTree = "<group>"; };
		1C5DF21522FA1BB30064C81E /* JSONParser.swift */ = {isa = PBXFileReference; lastKnownFileType = sourcecode.swift; path = JSONParser.swift; sourceTree = "<group>"; };
		1C5DF21922FA1C8C0064C81E /* ServerDataManager.swift */ = {isa = PBXFileReference; fileEncoding = 4; lastKnownFileType = sourcecode.swift; path = ServerDataManager.swift; sourceTree = "<group>"; };
		1C5DF21E22FA1E190064C81E /* log.swift */ = {isa = PBXFileReference; fileEncoding = 4; lastKnownFileType = sourcecode.swift; path = log.swift; sourceTree = "<group>"; };
		1C5DF22022FA22910064C81E /* MainTableViewController.swift */ = {isa = PBXFileReference; lastKnownFileType = sourcecode.swift; path = MainTableViewController.swift; sourceTree = "<group>"; };
		1C5DF22222FA22C10064C81E /* MyTableViewCell.swift */ = {isa = PBXFileReference; lastKnownFileType = sourcecode.swift; path = MyTableViewCell.swift; sourceTree = "<group>"; };
		1C5DF22322FA22C10064C81E /* MyTableViewCell.xib */ = {isa = PBXFileReference; lastKnownFileType = file.xib; path = MyTableViewCell.xib; sourceTree = "<group>"; };
/* End PBXFileReference section */

/* Begin PBXFrameworksBuildPhase section */
		1C5DF1F922FA1AEF0064C81E /* Frameworks */ = {
			isa = PBXFrameworksBuildPhase;
			buildActionMask = 2147483647;
			files = (
			);
			runOnlyForDeploymentPostprocessing = 0;
		};
/* End PBXFrameworksBuildPhase section */

/* Begin PBXGroup section */
		1C5DF1F322FA1AEF0064C81E = {
			isa = PBXGroup;
			children = (
				1C5DF1FE22FA1AEF0064C81E /* Codename 303 */,
				1C5DF21B22FA1CF50064C81E /* Utility */,
				1C5DF1FD22FA1AEF0064C81E /* Products */,
			);
			sourceTree = "<group>";
		};
		1C5DF1FD22FA1AEF0064C81E /* Products */ = {
			isa = PBXGroup;
			children = (
				1C5DF1FC22FA1AEF0064C81E /* Codename 303.app */,
			);
			name = Products;
			sourceTree = "<group>";
		};
		1C5DF1FE22FA1AEF0064C81E /* Codename 303 */ = {
			isa = PBXGroup;
			children = (
				1C5DF20B22FA1AF10064C81E /* Info.plist */,
				1C5DF21122FA1B360064C81E /* Supporting Files */,
				1C5DF21422FA1B740064C81E /* Model */,
				1C5DF21322FA1B5E0064C81E /* Controller */,
				1C5DF21222FA1B420064C81E /* View */,
			);
			path = "Codename 303";
			sourceTree = "<group>";
		};
		1C5DF21122FA1B360064C81E /* Supporting Files */ = {
			isa = PBXGroup;
			children = (
				1C5DF1FF22FA1AEF0064C81E /* AppDelegate.swift */,
				1C5DF20622FA1AF10064C81E /* Assets.xcassets */,
			);
			path = "Supporting Files";
			sourceTree = "<group>";
		};
		1C5DF21222FA1B420064C81E /* View */ = {
			isa = PBXGroup;
			children = (
				1C5DF22622FA3C500064C81E /* Cells */,
				1C5DF20822FA1AF10064C81E /* LaunchScreen.storyboard */,
				1C5DF20322FA1AEF0064C81E /* Main.storyboard */,
			);
			path = View;
			sourceTree = "<group>";
		};
		1C5DF21322FA1B5E0064C81E /* Controller */ = {
			isa = PBXGroup;
			children = (
				1C5DF22022FA22910064C81E /* MainTableViewController.swift */,
			);
			path = Controller;
			sourceTree = "<group>";
		};
		1C5DF21422FA1B740064C81E /* Model */ = {
			isa = PBXGroup;
			children = (
				1C5DF21922FA1C8C0064C81E /* ServerDataManager.swift */,
				1C5DF21522FA1BB30064C81E /* JSONParser.swift */,
			);
			path = Model;
			sourceTree = "<group>";
		};
		1C5DF21B22FA1CF50064C81E /* Utility */ = {
			isa = PBXGroup;
			children = (
				1C5DF21E22FA1E190064C81E /* log.swift */,
			);
			path = Utility;
			sourceTree = "<group>";
		};
		1C5DF22622FA3C500064C81E /* Cells */ = {
			isa = PBXGroup;
			children = (
				1C5DF22222FA22C10064C81E /* MyTableViewCell.swift */,
				1C5DF22322FA22C10064C81E /* MyTableViewCell.xib */,
			);
			path = Cells;
			sourceTree = "<group>";
		};
/* End PBXGroup section */

/* Begin PBXNativeTarget section */
		1C5DF1FB22FA1AEF0064C81E /* Codename 303 */ = {
			isa = PBXNativeTarget;
			buildConfigurationList = 1C5DF20E22FA1AF10064C81E /* Build configuration list for PBXNativeTarget "Codename 303" */;
			buildPhases = (
				1C5DF1F822FA1AEF0064C81E /* Sources */,
				1C5DF1F922FA1AEF0064C81E /* Frameworks */,
				1C5DF1FA22FA1AEF0064C81E /* Resources */,
			);
			buildRules = (
			);
			dependencies = (
			);
			name = "Codename 303";
			productName = "Codename 303";
			productReference = 1C5DF1FC22FA1AEF0064C81E /* Codename 303.app */;
			productType = "com.apple.product-type.application";
		};
/* End PBXNativeTarget section */

/* Begin PBXProject section */
		1C5DF1F422FA1AEF0064C81E /* Project object */ = {
			isa = PBXProject;
			attributes = {
				LastSwiftUpdateCheck = 1020;
				LastUpgradeCheck = 1020;
				ORGANIZATIONNAME = "Bradley Pickard";
				TargetAttributes = {
					1C5DF1FB22FA1AEF0064C81E = {
						CreatedOnToolsVersion = 10.2.1;
					};
				};
			};
			buildConfigurationList = 1C5DF1F722FA1AEF0064C81E /* Build configuration list for PBXProject "Codename 303" */;
			compatibilityVersion = "Xcode 9.3";
			developmentRegion = en;
			hasScannedForEncodings = 0;
			knownRegions = (
				en,
				Base,
			);
			mainGroup = 1C5DF1F322FA1AEF0064C81E;
			productRefGroup = 1C5DF1FD22FA1AEF0064C81E /* Products */;
			projectDirPath = "";
			projectRoot = "";
			targets = (
				1C5DF1FB22FA1AEF0064C81E /* Codename 303 */,
			);
		};
/* End PBXProject section */

/* Begin PBXResourcesBuildPhase section */
		1C5DF1FA22FA1AEF0064C81E /* Resources */ = {
			isa = PBXResourcesBuildPhase;
			buildActionMask = 2147483647;
			files = (
				1C5DF20A22FA1AF10064C81E /* LaunchScreen.storyboard in Resources */,
				1C5DF22522FA22C10064C81E /* MyTableViewCell.xib in Resources */,
				1C5DF20722FA1AF10064C81E /* Assets.xcassets in Resources */,
				1C5DF20522FA1AEF0064C81E /* Main.storyboard in Resources */,
			);
			runOnlyForDeploymentPostprocessing = 0;
		};
/* End PBXResourcesBuildPhase section */

/* Begin PBXSourcesBuildPhase section */
		1C5DF1F822FA1AEF0064C81E /* Sources */ = {
			isa = PBXSourcesBuildPhase;
			buildActionMask = 2147483647;
			files = (
				1C5DF21622FA1BB30064C81E /* JSONParser.swift in Sources */,
				1C5DF21A22FA1C8C0064C81E /* ServerDataManager.swift in Sources */,
				1C5DF21F22FA1E190064C81E /* log.swift in Sources */,
				1C5DF22122FA22910064C81E /* MainTableViewController.swift in Sources */,
				1C5DF20022FA1AEF0064C81E /* AppDelegate.swift in Sources */,
				1C5DF22422FA22C10064C81E /* MyTableViewCell.swift in Sources */,
			);
			runOnlyForDeploymentPostprocessing = 0;
		};
/* End PBXSourcesBuildPhase section */

/* Begin PBXVariantGroup section */
		1C5DF20322FA1AEF0064C81E /* Main.storyboard */ = {
			isa = PBXVariantGroup;
			children = (
				1C5DF20422FA1AEF0064C81E /* Base */,
			);
			name = Main.storyboard;
			sourceTree = "<group>";
		};
		1C5DF20822FA1AF10064C81E /* LaunchScreen.storyboard */ = {
			isa = PBXVariantGroup;
			children = (
				1C5DF20922FA1AF10064C81E /* Base */,
			);
			name = LaunchScreen.storyboard;
			sourceTree = "<group>";
		};
/* End PBXVariantGroup section */

/* Begin XCBuildConfiguration section */
		1C5DF20C22FA1AF10064C81E /* Debug */ = {
			isa = XCBuildConfiguration;
			buildSettings = {
				ALWAYS_SEARCH_USER_PATHS = NO;
				CLANG_ANALYZER_NONNULL = YES;
				CLANG_ANALYZER_NUMBER_OBJECT_CONVERSION = YES_AGGRESSIVE;
				CLANG_CXX_LANGUAGE_STANDARD = "gnu++14";
				CLANG_CXX_LIBRARY = "libc++";
				CLANG_ENABLE_MODULES = YES;
				CLANG_ENABLE_OBJC_ARC = YES;
				CLANG_ENABLE_OBJC_WEAK = YES;
				CLANG_WARN_BLOCK_CAPTURE_AUTORELEASING = YES;
				CLANG_WARN_BOOL_CONVERSION = YES;
				CLANG_WARN_COMMA = YES;
				CLANG_WARN_CONSTANT_CONVERSION = YES;
				CLANG_WARN_DEPRECATED_OBJC_IMPLEMENTATIONS = YES;
				CLANG_WARN_DIRECT_OBJC_ISA_USAGE = YES_ERROR;
				CLANG_WARN_DOCUMENTATION_COMMENTS = YES;
				CLANG_WARN_EMPTY_BODY = YES;
				CLANG_WARN_ENUM_CONVERSION = YES;
				CLANG_WARN_INFINITE_RECURSION = YES;
				CLANG_WARN_INT_CONVERSION = YES;
				CLANG_WARN_NON_LITERAL_NULL_CONVERSION = YES;
				CLANG_WARN_OBJC_IMPLICIT_RETAIN_SELF = YES;
				CLANG_WARN_OBJC_LITERAL_CONVERSION = YES;
				CLANG_WARN_OBJC_ROOT_CLASS = YES_ERROR;
				CLANG_WARN_RANGE_LOOP_ANALYSIS = YES;
				CLANG_WARN_STRICT_PROTOTYPES = YES;
				CLANG_WARN_SUSPICIOUS_MOVE = YES;
				CLANG_WARN_UNGUARDED_AVAILABILITY = YES_AGGRESSIVE;
				CLANG_WARN_UNREACHABLE_CODE = YES;
				CLANG_WARN__DUPLICATE_METHOD_MATCH = YES;
				CODE_SIGN_IDENTITY = "iPhone Developer";
				COPY_PHASE_STRIP = NO;
				DEBUG_INFORMATION_FORMAT = dwarf;
				ENABLE_STRICT_OBJC_MSGSEND = YES;
				ENABLE_TESTABILITY = YES;
				GCC_C_LANGUAGE_STANDARD = gnu11;
				GCC_DYNAMIC_NO_PIC = NO;
				GCC_NO_COMMON_BLOCKS = YES;
				GCC_OPTIMIZATION_LEVEL = 0;
				GCC_PREPROCESSOR_DEFINITIONS = (
					"DEBUG=1",
					"$(inherited)",
				);
				GCC_WARN_64_TO_32_BIT_CONVERSION = YES;
				GCC_WARN_ABOUT_RETURN_TYPE = YES_ERROR;
				GCC_WARN_UNDECLARED_SELECTOR = YES;
				GCC_WARN_UNINITIALIZED_AUTOS = YES_AGGRESSIVE;
				GCC_WARN_UNUSED_FUNCTION = YES;
				GCC_WARN_UNUSED_VARIABLE = YES;
				IPHONEOS_DEPLOYMENT_TARGET = 12.2;
				MTL_ENABLE_DEBUG_INFO = INCLUDE_SOURCE;
				MTL_FAST_MATH = YES;
				ONLY_ACTIVE_ARCH = YES;
				SDKROOT = iphoneos;
				SWIFT_ACTIVE_COMPILATION_CONDITIONS = DEBUG;
				SWIFT_OPTIMIZATION_LEVEL = "-Onone";
			};
			name = Debug;
		};
		1C5DF20D22FA1AF10064C81E /* Release */ = {
			isa = XCBuildConfiguration;
			buildSettings = {
				ALWAYS_SEARCH_USER_PATHS = NO;
				CLANG_ANALYZER_NONNULL = YES;
				CLANG_ANALYZER_NUMBER_OBJECT_CONVERSION = YES_AGGRESSIVE;
				CLANG_CXX_LANGUAGE_STANDARD = "gnu++14";
				CLANG_CXX_LIBRARY = "libc++";
				CLANG_ENABLE_MODULES = YES;
				CLANG_ENABLE_OBJC_ARC = YES;
				CLANG_ENABLE_OBJC_WEAK = YES;
				CLANG_WARN_BLOCK_CAPTURE_AUTORELEASING = YES;
				CLANG_WARN_BOOL_CONVERSION = YES;
				CLANG_WARN_COMMA = YES;
				CLANG_WARN_CONSTANT_CONVERSION = YES;
				CLANG_WARN_DEPRECATED_OBJC_IMPLEMENTATIONS = YES;
				CLANG_WARN_DIRECT_OBJC_ISA_USAGE = YES_ERROR;
				CLANG_WARN_DOCUMENTATION_COMMENTS = YES;
				CLANG_WARN_EMPTY_BODY = YES;
				CLANG_WARN_ENUM_CONVERSION = YES;
				CLANG_WARN_INFINITE_RECURSION = YES;
				CLANG_WARN_INT_CONVERSION = YES;
				CLANG_WARN_NON_LITERAL_NULL_CONVERSION = YES;
				CLANG_WARN_OBJC_IMPLICIT_RETAIN_SELF = YES;
				CLANG_WARN_OBJC_LITERAL_CONVERSION = YES;
				CLANG_WARN_OBJC_ROOT_CLASS = YES_ERROR;
				CLANG_WARN_RANGE_LOOP_ANALYSIS = YES;
				CLANG_WARN_STRICT_PROTOTYPES = YES;
				CLANG_WARN_SUSPICIOUS_MOVE = YES;
				CLANG_WARN_UNGUARDED_AVAILABILITY = YES_AGGRESSIVE;
				CLANG_WARN_UNREACHABLE_CODE = YES;
				CLANG_WARN__DUPLICATE_METHOD_MATCH = YES;
				CODE_SIGN_IDENTITY = "iPhone Developer";
				COPY_PHASE_STRIP = NO;
				DEBUG_INFORMATION_FORMAT = "dwarf-with-dsym";
				ENABLE_NS_ASSERTIONS = NO;
				ENABLE_STRICT_OBJC_MSGSEND = YES;
				GCC_C_LANGUAGE_STANDARD = gnu11;
				GCC_NO_COMMON_BLOCKS = YES;
				GCC_WARN_64_TO_32_BIT_CONVERSION = YES;
				GCC_WARN_ABOUT_RETURN_TYPE = YES_ERROR;
				GCC_WARN_UNDECLARED_SELECTOR = YES;
				GCC_WARN_UNINITIALIZED_AUTOS = YES_AGGRESSIVE;
				GCC_WARN_UNUSED_FUNCTION = YES;
				GCC_WARN_UNUSED_VARIABLE = YES;
				IPHONEOS_DEPLOYMENT_TARGET = 12.2;
				MTL_ENABLE_DEBUG_INFO = NO;
				MTL_FAST_MATH = YES;
				SDKROOT = iphoneos;
				SWIFT_COMPILATION_MODE = wholemodule;
				SWIFT_OPTIMIZATION_LEVEL = "-O";
				VALIDATE_PRODUCT = YES;
			};
			name = Release;
		};
		1C5DF20F22FA1AF10064C81E /* Debug */ = {
			isa = XCBuildConfiguration;
			buildSettings = {
				ASSETCATALOG_COMPILER_APPICON_NAME = AppIcon;
				CODE_SIGN_STYLE = Automatic;
				DEVELOPMENT_TEAM = L29F6CY8VL;
				INFOPLIST_FILE = "Codename 303/Info.plist";
				LD_RUNPATH_SEARCH_PATHS = (
					"$(inherited)",
					"@executable_path/Frameworks",
				);
				PRODUCT_BUNDLE_IDENTIFIER = "com.bradleypickard.Codename-303";
				PRODUCT_NAME = "$(TARGET_NAME)";
				SWIFT_VERSION = 5.0;
				TARGETED_DEVICE_FAMILY = "1,2";
			};
			name = Debug;
		};
		1C5DF21022FA1AF10064C81E /* Release */ = {
			isa = XCBuildConfiguration;
			buildSettings = {
				ASSETCATALOG_COMPILER_APPICON_NAME = AppIcon;
				CODE_SIGN_STYLE = Automatic;
				DEVELOPMENT_TEAM = L29F6CY8VL;
				INFOPLIST_FILE = "Codename 303/Info.plist";
				LD_RUNPATH_SEARCH_PATHS = (
					"$(inherited)",
					"@executable_path/Frameworks",
				);
				PRODUCT_BUNDLE_IDENTIFIER = "com.bradleypickard.Codename-303";
				PRODUCT_NAME = "$(TARGET_NAME)";
				SWIFT_VERSION = 5.0;
				TARGETED_DEVICE_FAMILY = "1,2";
			};
			name = Release;
		};
/* End XCBuildConfiguration section */

/* Begin XCConfigurationList section */
		1C5DF1F722FA1AEF0064C81E /* Build configuration list for PBXProject "Codename 303" */ = {
			isa = XCConfigurationList;
			buildConfigurations = (
				1C5DF20C22FA1AF10064C81E /* Debug */,
				1C5DF20D22FA1AF10064C81E /* Release */,
			);
			defaultConfigurationIsVisible = 0;
			defaultConfigurationName = Release;
		};
		1C5DF20E22FA1AF10064C81E /* Build configuration list for PBXNativeTarget "Codename 303" */ = {
			isa = XCConfigurationList;
			buildConfigurations = (
				1C5DF20F22FA1AF10064C81E /* Debug */,
				1C5DF21022FA1AF10064C81E /* Release */,
			);
			defaultConfigurationIsVisible = 0;
			defaultConfigurationName = Release;
		};
/* End XCConfigurationList section */
	};
	rootObject = 1C5DF1F422FA1AEF0064C81E /* Project object */;
}
